# This file is autogenerated, do not edit; changes may be undone by the next 'dep ensure'.


[[projects]]
  branch = "master"
  name = "github.com/mitchellh/go-ps"
  packages = ["."]
  revision = "4fdf99ab29366514c69ccccddab5dc58b8d84062"

[[projects]]
  name = "github.com/pkg/errors"
  packages = ["."]
  revision = "645ef00459ed84a119197bfb8d8205042c6df63d"
  version = "v0.8.0"

[solve-meta]
  analyzer-name = "dep"
  analyzer-version = 1
  inputs-digest = "45612762c135df25450b499fdc0a4b36cef53fc84d9a085300e88abf4ec1954b"
  solver-name = "gps-cdcl"
  solver-version = 1
